
Microsoft Visual Studio Solution File, Format Version 12.00
# Visual Studio Version 16
VisualStudioVersion = 16.0.30114.105
MinimumVisualStudioVersion = 10.0.40219.1
Project("{2150E333-8FDC-42A3-9474-1A3956D46DE8}") = "Services", "Services", "{AE0F4E02-F937-477C-9D04-A59E32B71163}"
EndProject
Project("{2150E333-8FDC-42A3-9474-1A3956D46DE8}") = "WebApps", "WebApps", "{CE7D8389-153B-455B-A293-1BBE52762F6F}"
EndProject
Project("{2150E333-8FDC-42A3-9474-1A3956D46DE8}") = "Cadastros", "Cadastros", "{D7AFAEC8-D62C-4638-8A1C-237AFCD69CBB}"
EndProject
Project("{2150E333-8FDC-42A3-9474-1A3956D46DE8}") = "Catalogo", "Catalogo", "{3C8C0D9F-D0F2-41F7-85CE-D56BF9C98CD5}"
EndProject
Project("{2150E333-8FDC-42A3-9474-1A3956D46DE8}") = "Core", "Core", "{C88E8101-6553-40FB-A9F7-3ABE1A68E83F}"
EndProject
Project("{2150E333-8FDC-42A3-9474-1A3956D46DE8}") = "Fiscal", "Fiscal", "{6B3FEE48-6E20-4E5C-8917-0526A52746EF}"
EndProject
Project("{2150E333-8FDC-42A3-9474-1A3956D46DE8}") = "Pagamentos", "Pagamentos", "{61F165BF-6461-4696-930D-3D0676BE2AE3}"
EndProject
Project("{2150E333-8FDC-42A3-9474-1A3956D46DE8}") = "Vendas", "Vendas", "{1B5FA8A4-38F7-4A9F-96E3-08FDA0F57CC6}"
EndProject
Project("{9A19103F-16F7-4668-BE54-9A1E7A4F7556}") = "NerdStore.Catalogo.Domain", "src\NerdStore.Catalogo.Domain\NerdStore.Catalogo.Domain.csproj", "{321C2BEE-2E8A-4F93-8DD2-B013E7E0CD41}"
EndProject
Project("{9A19103F-16F7-4668-BE54-9A1E7A4F7556}") = "NerdStore.Core", "src\NerdStore.Core\NerdStore.Core.csproj", "{907E2C5A-2989-43C3-83BF-C57648480779}"
EndProject
Project("{2150E333-8FDC-42A3-9474-1A3956D46DE8}") = "Tests", "Tests", "{52DCDEE7-EE4C-4497-963C-4A4549D8A1DC}"
EndProject
Project("{9A19103F-16F7-4668-BE54-9A1E7A4F7556}") = "NerdStore.Catalogo.Domain.Tests", "tests\NerdStore.Catalogo.Domain.Tests\NerdStore.Catalogo.Domain.Tests.csproj", "{1F8219CE-A8E2-4B56-B9B3-E52AACC05212}"
EndProject
Project("{9A19103F-16F7-4668-BE54-9A1E7A4F7556}") = "NerdStore.Catalogo.Data", "src\NerdStore.Catalogo.Data\NerdStore.Catalogo.Data.csproj", "{674CF7D7-DE3C-45DC-B8B2-D1159789BDAA}"
EndProject
Project("{9A19103F-16F7-4668-BE54-9A1E7A4F7556}") = "NerdStore.Catalogo.Application", "src\NerdStore.Catalogo.Application\NerdStore.Catalogo.Application.csproj", "{C490582F-14C5-4F87-9EDF-4E752130A40F}"
EndProject
Project("{9A19103F-16F7-4668-BE54-9A1E7A4F7556}") = "NerdStore.WebApp.MVC", "src\NerdStore.WebApp.MVC\NerdStore.WebApp.MVC.csproj", "{678485AE-9212-4E19-84F8-72DA67963923}"
EndProject
Project("{9A19103F-16F7-4668-BE54-9A1E7A4F7556}") = "NerdStore.Vendas.Domain", "src\NerdStore.Vendas.Domain\NerdStore.Vendas.Domain.csproj", "{DB8959B2-C9F4-41AD-8987-6C66E24C735B}"
EndProject
Project("{9A19103F-16F7-4668-BE54-9A1E7A4F7556}") = "NerdStore.Vendas.Application", "src\NerdStore.Vendas.Application\NerdStore.Vendas.Application.csproj", "{97FF8095-4A1F-492D-A7A6-C69E2E67D24F}"
EndProject
Project("{9A19103F-16F7-4668-BE54-9A1E7A4F7556}") = "NerdStore.Vendas.Data", "src\NerdStore.Vendas.Data\NerdStore.Vendas.Data.csproj", "{DD9D3B4E-18EF-4014-AC19-FABE856BA3EE}"
EndProject
Project("{FAE04EC0-301F-11D3-BF4B-00C04F79EFBC}") = "NerdStore.Pagamentos.AntiCorruption", "src\NerdStore.Pagamentos.AntiCorruption\NerdStore.Pagamentos.AntiCorruption.csproj", "{BE376CA7-74E3-4459-97C6-71059C9590B2}"
EndProject
Project("{FAE04EC0-301F-11D3-BF4B-00C04F79EFBC}") = "NerdStore.Pagamentos.Business", "src\NerdStore.Pagamentos.Business\NerdStore.Pagamentos.Business.csproj", "{F8698882-18DF-4F4C-8591-C9E8371B8EE5}"
EndProject
Project("{FAE04EC0-301F-11D3-BF4B-00C04F79EFBC}") = "NerdStore.Pagamentos.Data", "src\NerdStore.Pagamentos.Data\NerdStore.Pagamentos.Data.csproj", "{C1791FB8-5B3B-48DA-90DC-12E323BB1AFC}"
EndProject
Global
	GlobalSection(SolutionConfigurationPlatforms) = preSolution
		Debug|Any CPU = Debug|Any CPU
		Release|Any CPU = Release|Any CPU
	EndGlobalSection
	GlobalSection(ProjectConfigurationPlatforms) = postSolution
		{321C2BEE-2E8A-4F93-8DD2-B013E7E0CD41}.Debug|Any CPU.ActiveCfg = Debug|Any CPU
		{321C2BEE-2E8A-4F93-8DD2-B013E7E0CD41}.Debug|Any CPU.Build.0 = Debug|Any CPU
		{321C2BEE-2E8A-4F93-8DD2-B013E7E0CD41}.Release|Any CPU.ActiveCfg = Release|Any CPU
		{321C2BEE-2E8A-4F93-8DD2-B013E7E0CD41}.Release|Any CPU.Build.0 = Release|Any CPU
		{907E2C5A-2989-43C3-83BF-C57648480779}.Debug|Any CPU.ActiveCfg = Debug|Any CPU
		{907E2C5A-2989-43C3-83BF-C57648480779}.Debug|Any CPU.Build.0 = Debug|Any CPU
		{907E2C5A-2989-43C3-83BF-C57648480779}.Release|Any CPU.ActiveCfg = Release|Any CPU
		{907E2C5A-2989-43C3-83BF-C57648480779}.Release|Any CPU.Build.0 = Release|Any CPU
		{1F8219CE-A8E2-4B56-B9B3-E52AACC05212}.Debug|Any CPU.ActiveCfg = Debug|Any CPU
		{1F8219CE-A8E2-4B56-B9B3-E52AACC05212}.Debug|Any CPU.Build.0 = Debug|Any CPU
		{1F8219CE-A8E2-4B56-B9B3-E52AACC05212}.Release|Any CPU.ActiveCfg = Release|Any CPU
		{1F8219CE-A8E2-4B56-B9B3-E52AACC05212}.Release|Any CPU.Build.0 = Release|Any CPU
		{674CF7D7-DE3C-45DC-B8B2-D1159789BDAA}.Debug|Any CPU.ActiveCfg = Debug|Any CPU
		{674CF7D7-DE3C-45DC-B8B2-D1159789BDAA}.Debug|Any CPU.Build.0 = Debug|Any CPU
		{674CF7D7-DE3C-45DC-B8B2-D1159789BDAA}.Release|Any CPU.ActiveCfg = Release|Any CPU
		{674CF7D7-DE3C-45DC-B8B2-D1159789BDAA}.Release|Any CPU.Build.0 = Release|Any CPU
		{C490582F-14C5-4F87-9EDF-4E752130A40F}.Debug|Any CPU.ActiveCfg = Debug|Any CPU
		{C490582F-14C5-4F87-9EDF-4E752130A40F}.Debug|Any CPU.Build.0 = Debug|Any CPU
		{C490582F-14C5-4F87-9EDF-4E752130A40F}.Release|Any CPU.ActiveCfg = Release|Any CPU
		{C490582F-14C5-4F87-9EDF-4E752130A40F}.Release|Any CPU.Build.0 = Release|Any CPU
		{678485AE-9212-4E19-84F8-72DA67963923}.Debug|Any CPU.ActiveCfg = Debug|Any CPU
		{678485AE-9212-4E19-84F8-72DA67963923}.Debug|Any CPU.Build.0 = Debug|Any CPU
		{678485AE-9212-4E19-84F8-72DA67963923}.Release|Any CPU.ActiveCfg = Release|Any CPU
		{678485AE-9212-4E19-84F8-72DA67963923}.Release|Any CPU.Build.0 = Release|Any CPU
		{DB8959B2-C9F4-41AD-8987-6C66E24C735B}.Debug|Any CPU.ActiveCfg = Debug|Any CPU
		{DB8959B2-C9F4-41AD-8987-6C66E24C735B}.Debug|Any CPU.Build.0 = Debug|Any CPU
		{DB8959B2-C9F4-41AD-8987-6C66E24C735B}.Release|Any CPU.ActiveCfg = Release|Any CPU
		{DB8959B2-C9F4-41AD-8987-6C66E24C735B}.Release|Any CPU.Build.0 = Release|Any CPU
		{97FF8095-4A1F-492D-A7A6-C69E2E67D24F}.Debug|Any CPU.ActiveCfg = Debug|Any CPU
		{97FF8095-4A1F-492D-A7A6-C69E2E67D24F}.Debug|Any CPU.Build.0 = Debug|Any CPU
		{97FF8095-4A1F-492D-A7A6-C69E2E67D24F}.Release|Any CPU.ActiveCfg = Release|Any CPU
		{97FF8095-4A1F-492D-A7A6-C69E2E67D24F}.Release|Any CPU.Build.0 = Release|Any CPU
		{DD9D3B4E-18EF-4014-AC19-FABE856BA3EE}.Debug|Any CPU.ActiveCfg = Debug|Any CPU
		{DD9D3B4E-18EF-4014-AC19-FABE856BA3EE}.Debug|Any CPU.Build.0 = Debug|Any CPU
		{DD9D3B4E-18EF-4014-AC19-FABE856BA3EE}.Release|Any CPU.ActiveCfg = Release|Any CPU
		{DD9D3B4E-18EF-4014-AC19-FABE856BA3EE}.Release|Any CPU.Build.0 = Release|Any CPU
		{BE376CA7-74E3-4459-97C6-71059C9590B2}.Debug|Any CPU.ActiveCfg = Debug|Any CPU
		{BE376CA7-74E3-4459-97C6-71059C9590B2}.Debug|Any CPU.Build.0 = Debug|Any CPU
		{BE376CA7-74E3-4459-97C6-71059C9590B2}.Release|Any CPU.ActiveCfg = Release|Any CPU
		{BE376CA7-74E3-4459-97C6-71059C9590B2}.Release|Any CPU.Build.0 = Release|Any CPU
		{F8698882-18DF-4F4C-8591-C9E8371B8EE5}.Debug|Any CPU.ActiveCfg = Debug|Any CPU
		{F8698882-18DF-4F4C-8591-C9E8371B8EE5}.Debug|Any CPU.Build.0 = Debug|Any CPU
		{F8698882-18DF-4F4C-8591-C9E8371B8EE5}.Release|Any CPU.ActiveCfg = Release|Any CPU
		{F8698882-18DF-4F4C-8591-C9E8371B8EE5}.Release|Any CPU.Build.0 = Release|Any CPU
		{C1791FB8-5B3B-48DA-90DC-12E323BB1AFC}.Debug|Any CPU.ActiveCfg = Debug|Any CPU
		{C1791FB8-5B3B-48DA-90DC-12E323BB1AFC}.Debug|Any CPU.Build.0 = Debug|Any CPU
		{C1791FB8-5B3B-48DA-90DC-12E323BB1AFC}.Release|Any CPU.ActiveCfg = Release|Any CPU
		{C1791FB8-5B3B-48DA-90DC-12E323BB1AFC}.Release|Any CPU.Build.0 = Release|Any CPU
	EndGlobalSection
	GlobalSection(SolutionProperties) = preSolution
		HideSolutionNode = FALSE
	EndGlobalSection
	GlobalSection(NestedProjects) = preSolution
		{D7AFAEC8-D62C-4638-8A1C-237AFCD69CBB} = {AE0F4E02-F937-477C-9D04-A59E32B71163}
		{3C8C0D9F-D0F2-41F7-85CE-D56BF9C98CD5} = {AE0F4E02-F937-477C-9D04-A59E32B71163}
		{C88E8101-6553-40FB-A9F7-3ABE1A68E83F} = {AE0F4E02-F937-477C-9D04-A59E32B71163}
		{6B3FEE48-6E20-4E5C-8917-0526A52746EF} = {AE0F4E02-F937-477C-9D04-A59E32B71163}
		{61F165BF-6461-4696-930D-3D0676BE2AE3} = {AE0F4E02-F937-477C-9D04-A59E32B71163}
		{1B5FA8A4-38F7-4A9F-96E3-08FDA0F57CC6} = {AE0F4E02-F937-477C-9D04-A59E32B71163}
		{321C2BEE-2E8A-4F93-8DD2-B013E7E0CD41} = {3C8C0D9F-D0F2-41F7-85CE-D56BF9C98CD5}
		{907E2C5A-2989-43C3-83BF-C57648480779} = {C88E8101-6553-40FB-A9F7-3ABE1A68E83F}
		{52DCDEE7-EE4C-4497-963C-4A4549D8A1DC} = {3C8C0D9F-D0F2-41F7-85CE-D56BF9C98CD5}
		{1F8219CE-A8E2-4B56-B9B3-E52AACC05212} = {52DCDEE7-EE4C-4497-963C-4A4549D8A1DC}
		{674CF7D7-DE3C-45DC-B8B2-D1159789BDAA} = {3C8C0D9F-D0F2-41F7-85CE-D56BF9C98CD5}
		{C490582F-14C5-4F87-9EDF-4E752130A40F} = {3C8C0D9F-D0F2-41F7-85CE-D56BF9C98CD5}
		{678485AE-9212-4E19-84F8-72DA67963923} = {CE7D8389-153B-455B-A293-1BBE52762F6F}
		{DB8959B2-C9F4-41AD-8987-6C66E24C735B} = {1B5FA8A4-38F7-4A9F-96E3-08FDA0F57CC6}
		{97FF8095-4A1F-492D-A7A6-C69E2E67D24F} = {1B5FA8A4-38F7-4A9F-96E3-08FDA0F57CC6}
		{DD9D3B4E-18EF-4014-AC19-FABE856BA3EE} = {1B5FA8A4-38F7-4A9F-96E3-08FDA0F57CC6}
		{BE376CA7-74E3-4459-97C6-71059C9590B2} = {61F165BF-6461-4696-930D-3D0676BE2AE3}
		{F8698882-18DF-4F4C-8591-C9E8371B8EE5} = {61F165BF-6461-4696-930D-3D0676BE2AE3}
		{C1791FB8-5B3B-48DA-90DC-12E323BB1AFC} = {61F165BF-6461-4696-930D-3D0676BE2AE3}
	EndGlobalSection
	GlobalSection(ExtensibilityGlobals) = postSolution
		SolutionGuid = {2ADD2E45-8C04-4854-87DF-F76B091E39A0}
	EndGlobalSection
EndGlobal
